
Microsoft Visual Studio Solution File, Format Version 12.00
# Visual Studio Version 17
VisualStudioVersion = 17.14.36518.9
MinimumVisualStudioVersion = 10.0.40219.1
Project("{FAE04EC0-301F-11D3-BF4B-00C04F79EFBC}") = "PromoWeb.Web", "PromoWeb\PromoWeb.Web.csproj", "{63596B4E-8B2B-4CFD-8C10-2B59C692B971}"
EndProject
Project("{FAE04EC0-301F-11D3-BF4B-00C04F79EFBC}") = "PromoWeb.Dominio", "Dominio\PromoWeb.Dominio.csproj", "{906C02DF-18C9-46A2-88B6-BDC0EEBA653C}"
EndProject
Project("{FAE04EC0-301F-11D3-BF4B-00C04F79EFBC}") = "PromoWeb.Negocio", "Negocio\PromoWeb.Negocio.csproj", "{77785292-B259-4BD3-80E6-E3D0604BFD1F}"
EndProject
Global
	GlobalSection(SolutionConfigurationPlatforms) = preSolution
		Debug|Any CPU = Debug|Any CPU
		Release|Any CPU = Release|Any CPU
	EndGlobalSection
	GlobalSection(ProjectConfigurationPlatforms) = postSolution
		{63596B4E-8B2B-4CFD-8C10-2B59C692B971}.Debug|Any CPU.ActiveCfg = Debug|Any CPU
		{63596B4E-8B2B-4CFD-8C10-2B59C692B971}.Debug|Any CPU.Build.0 = Debug|Any CPU
		{63596B4E-8B2B-4CFD-8C10-2B59C692B971}.Release|Any CPU.ActiveCfg = Release|Any CPU
		{63596B4E-8B2B-4CFD-8C10-2B59C692B971}.Release|Any CPU.Build.0 = Release|Any CPU
		{906C02DF-18C9-46A2-88B6-BDC0EEBA653C}.Debug|Any CPU.ActiveCfg = Debug|Any CPU
		{906C02DF-18C9-46A2-88B6-BDC0EEBA653C}.Debug|Any CPU.Build.0 = Debug|Any CPU
		{906C02DF-18C9-46A2-88B6-BDC0EEBA653C}.Release|Any CPU.ActiveCfg = Release|Any CPU
		{906C02DF-18C9-46A2-88B6-BDC0EEBA653C}.Release|Any CPU.Build.0 = Release|Any CPU
		{77785292-B259-4BD3-80E6-E3D0604BFD1F}.Debug|Any CPU.ActiveCfg = Debug|Any CPU
		{77785292-B259-4BD3-80E6-E3D0604BFD1F}.Debug|Any CPU.Build.0 = Debug|Any CPU
		{77785292-B259-4BD3-80E6-E3D0604BFD1F}.Release|Any CPU.ActiveCfg = Release|Any CPU
		{77785292-B259-4BD3-80E6-E3D0604BFD1F}.Release|Any CPU.Build.0 = Release|Any CPU
	EndGlobalSection
	GlobalSection(SolutionProperties) = preSolution
		HideSolutionNode = FALSE
	EndGlobalSection
	GlobalSection(ExtensibilityGlobals) = postSolution
		SolutionGuid = {A659B9C8-E7EA-433B-B8F9-203494E43C58}
	EndGlobalSection
EndGlobal
